
Microsoft Visual Studio Solution File, Format Version 12.00
# Visual Studio Version 16
VisualStudioVersion = 16.0.30907.101
MinimumVisualStudioVersion = 10.0.40219.1
Project("{FAE04EC0-301F-11D3-BF4B-00C04F79EFBC}") = "TicTacToe", "TicTacToe.csproj", "{21EB2A03-E686-4B8F-AD4F-3B3830F9D14C}"
EndProject
Global
	GlobalSection(SolutionConfigurationPlatforms) = preSolution
		Debug|Any CPU = Debug|Any CPU
		Release|Any CPU = Release|Any CPU
	EndGlobalSection
	GlobalSection(ProjectConfigurationPlatforms) = postSolution
		{21EB2A03-E686-4B8F-AD4F-3B3830F9D14C}.Debug|Any CPU.ActiveCfg = Debug|Any CPU
		{21EB2A03-E686-4B8F-AD4F-3B3830F9D14C}.Debug|Any CPU.Build.0 = Debug|Any CPU
		{21EB2A03-E686-4B8F-AD4F-3B3830F9D14C}.Release|Any CPU.ActiveCfg = Release|Any CPU
		{21EB2A03-E686-4B8F-AD4F-3B3830F9D14C}.Release|Any CPU.Build.0 = Release|Any CPU
	EndGlobalSection
	GlobalSection(SolutionProperties) = preSolution
		HideSolutionNode = FALSE
	EndGlobalSection
	GlobalSection(ExtensibilityGlobals) = postSolution
		SolutionGuid = {76044E55-F4F7-4DEA-8381-6B160A30BBDA}
	EndGlobalSection
EndGlobal
